// !$*UTF8*$!
{
	archiveVersion = 1;
	classes = {
	};
	objectVersion = 50;
	objects = {

/* Begin PBXBuildFile section */
		5C04419921967D5A006251FD /* AppDelegate.swift in Sources */ = {isa = PBXBuildFile; fileRef = 5C04419821967D5A006251FD /* AppDelegate.swift */; };
		5C0441A021967D5C006251FD /* Assets.xcassets in Resources */ = {isa = PBXBuildFile; fileRef = 5C04419F21967D5C006251FD /* Assets.xcassets */; };
		5C0441A321967D5C006251FD /* LaunchScreen.storyboard in Resources */ = {isa = PBXBuildFile; fileRef = 5C0441A121967D5C006251FD /* LaunchScreen.storyboard */; };
		5C0441B4219684C8006251FD /* Service.swift in Sources */ = {isa = PBXBuildFile; fileRef = 5C0441B3219684C8006251FD /* Service.swift */; };
		5C0441B6219684D0006251FD /* Provider.swift in Sources */ = {isa = PBXBuildFile; fileRef = 5C0441B5219684D0006251FD /* Provider.swift */; };
		5C0441CF219690D6006251FD /* IBMPlexSans-MediumItalic.ttf in Resources */ = {isa = PBXBuildFile; fileRef = 5C0441C0219690D5006251FD /* IBMPlexSans-MediumItalic.ttf */; };
		5C0441D0219690D6006251FD /* IBMPlexSans-Bold.ttf in Resources */ = {isa = PBXBuildFile; fileRef = 5C0441C1219690D5006251FD /* IBMPlexSans-Bold.ttf */; };
		5C0441D1219690D6006251FD /* OFL.txt in Resources */ = {isa = PBXBuildFile; fileRef = 5C0441C2219690D5006251FD /* OFL.txt */; };
		5C0441D2219690D6006251FD /* IBMPlexSans-ThinItalic.ttf in Resources */ = {isa = PBXBuildFile; fileRef = 5C0441C3219690D5006251FD /* IBMPlexSans-ThinItalic.ttf */; };
		5C0441D3219690D6006251FD /* IBMPlexSans-SemiBoldItalic.ttf in Resources */ = {isa = PBXBuildFile; fileRef = 5C0441C4219690D5006251FD /* IBMPlexSans-SemiBoldItalic.ttf */; };
		5C0441D4219690D6006251FD /* IBMPlexSans-LightItalic.ttf in Resources */ = {isa = PBXBuildFile; fileRef = 5C0441C5219690D5006251FD /* IBMPlexSans-LightItalic.ttf */; };
		5C0441D5219690D6006251FD /* IBMPlexSans-ExtraLightItalic.ttf in Resources */ = {isa = PBXBuildFile; fileRef = 5C0441C6219690D6006251FD /* IBMPlexSans-ExtraLightItalic.ttf */; };
		5C0441D6219690D6006251FD /* IBMPlexSans-Italic.ttf in Resources */ = {isa = PBXBuildFile; fileRef = 5C0441C7219690D6006251FD /* IBMPlexSans-Italic.ttf */; };
		5C0441D7219690D6006251FD /* IBMPlexSans-ExtraLight.ttf in Resources */ = {isa = PBXBuildFile; fileRef = 5C0441C8219690D6006251FD /* IBMPlexSans-ExtraLight.ttf */; };
		5C0441D8219690D6006251FD /* IBMPlexSans-Regular.ttf in Resources */ = {isa = PBXBuildFile; fileRef = 5C0441C9219690D6006251FD /* IBMPlexSans-Regular.ttf */; };
		5C0441D9219690D6006251FD /* IBMPlexSans-SemiBold.ttf in Resources */ = {isa = PBXBuildFile; fileRef = 5C0441CA219690D6006251FD /* IBMPlexSans-SemiBold.ttf */; };
		5C0441DA219690D6006251FD /* IBMPlexSans-BoldItalic.ttf in Resources */ = {isa = PBXBuildFile; fileRef = 5C0441CB219690D6006251FD /* IBMPlexSans-BoldItalic.ttf */; };
		5C0441DB219690D6006251FD /* IBMPlexSans-Light.ttf in Resources */ = {isa = PBXBuildFile; fileRef = 5C0441CC219690D6006251FD /* IBMPlexSans-Light.ttf */; };
		5C0441DC219690D6006251FD /* IBMPlexSans-Thin.ttf in Resources */ = {isa = PBXBuildFile; fileRef = 5C0441CD219690D6006251FD /* IBMPlexSans-Thin.ttf */; };
		5C0441DD219690D6006251FD /* IBMPlexSans-Medium.ttf in Resources */ = {isa = PBXBuildFile; fileRef = 5C0441CE219690D6006251FD /* IBMPlexSans-Medium.ttf */; };
		5C0441E0219692D9006251FD /* Fonts.swift in Sources */ = {isa = PBXBuildFile; fileRef = 5C0441DF219692D9006251FD /* Fonts.swift */; };
		5C0441E221969326006251FD /* DateTimeFormats.swift in Sources */ = {isa = PBXBuildFile; fileRef = 5C0441E121969326006251FD /* DateTimeFormats.swift */; };
		5C41D3EA2196A39F0092BB18 /* Date+.swift in Sources */ = {isa = PBXBuildFile; fileRef = 5C41D3E92196A39F0092BB18 /* Date+.swift */; };
		5C41D3EC2196A4140092BB18 /* String+.swift in Sources */ = {isa = PBXBuildFile; fileRef = 5C41D3EB2196A4140092BB18 /* String+.swift */; };
		5C41D3EF2196A6BD0092BB18 /* LoginFeature.swift in Sources */ = {isa = PBXBuildFile; fileRef = 5C41D3EE2196A6BD0092BB18 /* LoginFeature.swift */; };
		5C41D3F42196A81E0092BB18 /* LoginResponse.swift in Sources */ = {isa = PBXBuildFile; fileRef = 5C41D3F32196A81E0092BB18 /* LoginResponse.swift */; };
		5C41D3F62196A8B30092BB18 /* LoginParams.swift in Sources */ = {isa = PBXBuildFile; fileRef = 5C41D3F52196A8B30092BB18 /* LoginParams.swift */; };
		5C41D3F82196ABB70092BB18 /* PrivimiteSequence+mapX.swift in Sources */ = {isa = PBXBuildFile; fileRef = 5C41D3F72196ABB70092BB18 /* PrivimiteSequence+mapX.swift */; };
		5C41D3FA2196AE3A0092BB18 /* PrimitiveSequence+mapErrors.swift in Sources */ = {isa = PBXBuildFile; fileRef = 5C41D3F92196AE3A0092BB18 /* PrimitiveSequence+mapErrors.swift */; };
		5C41D3FD2196B16A0092BB18 /* ApiError.swift in Sources */ = {isa = PBXBuildFile; fileRef = 5C41D3FC2196B16A0092BB18 /* ApiError.swift */; };
		5C41D4002196B8650092BB18 /* LoginViewController.swift in Sources */ = {isa = PBXBuildFile; fileRef = 5C41D3FF2196B8650092BB18 /* LoginViewController.swift */; };
		5C41D4022196B97C0092BB18 /* LoginAndRegistration.storyboard in Resources */ = {isa = PBXBuildFile; fileRef = 5C41D4012196B97C0092BB18 /* LoginAndRegistration.storyboard */; };
		5C41D4052196B9A40092BB18 /* Storyboarded.swift in Sources */ = {isa = PBXBuildFile; fileRef = 5C41D4042196B9A40092BB18 /* Storyboarded.swift */; };
		5C41D40A2196BE870092BB18 /* CredentialsManager.swift in Sources */ = {isa = PBXBuildFile; fileRef = 5C41D4092196BE870092BB18 /* CredentialsManager.swift */; };
		5C41D40C2196C1F80092BB18 /* HeaderKeys.swift in Sources */ = {isa = PBXBuildFile; fileRef = 5C41D40B2196C1F80092BB18 /* HeaderKeys.swift */; };
		5C41D4142196C8230092BB18 /* Dashboard.storyboard in Resources */ = {isa = PBXBuildFile; fileRef = 5C41D4132196C8230092BB18 /* Dashboard.storyboard */; };
		5C41D4162196C8310092BB18 /* DashboardViewController.swift in Sources */ = {isa = PBXBuildFile; fileRef = 5C41D4152196C8310092BB18 /* DashboardViewController.swift */; };
		5C41D4192196C8E90092BB18 /* Destination.swift in Sources */ = {isa = PBXBuildFile; fileRef = 5C41D4182196C8E90092BB18 /* Destination.swift */; };
		5C41D41B2196C9040092BB18 /* UIViewController+navigate.swift in Sources */ = {isa = PBXBuildFile; fileRef = 5C41D41A2196C9040092BB18 /* UIViewController+navigate.swift */; };
		5C41D41E2196D4580092BB18 /* AppStates.swift in Sources */ = {isa = PBXBuildFile; fileRef = 5C41D41D2196D4580092BB18 /* AppStates.swift */; };
		5C41D4222196D7250092BB18 /* RegistrationViewController.swift in Sources */ = {isa = PBXBuildFile; fileRef = 5C41D4212196D7250092BB18 /* RegistrationViewController.swift */; };
		5C41D4252196D8B90092BB18 /* RegistrationFeature.swift in Sources */ = {isa = PBXBuildFile; fileRef = 5C41D4242196D8B90092BB18 /* RegistrationFeature.swift */; };
		5C41D4272196D8D60092BB18 /* RegistrationParams.swift in Sources */ = {isa = PBXBuildFile; fileRef = 5C41D4262196D8D60092BB18 /* RegistrationParams.swift */; };
		5C41D4292196D9780092BB18 /* Feature.swift in Sources */ = {isa = PBXBuildFile; fileRef = 5C41D4282196D9780092BB18 /* Feature.swift */; };
		5C41D42B2196DD230092BB18 /* RegistrationResponse.swift in Sources */ = {isa = PBXBuildFile; fileRef = 5C41D42A2196DD230092BB18 /* RegistrationResponse.swift */; };
		5C41D42E2196F02F0092BB18 /* TaskDetailViewController.swift in Sources */ = {isa = PBXBuildFile; fileRef = 5C41D42D2196F02F0092BB18 /* TaskDetailViewController.swift */; };
		5C41D4312196F0C40092BB18 /* LoanViewController.swift in Sources */ = {isa = PBXBuildFile; fileRef = 5C41D4302196F0C40092BB18 /* LoanViewController.swift */; };
		5C41D4332196F0DB0092BB18 /* Loan.storyboard in Resources */ = {isa = PBXBuildFile; fileRef = 5C41D4322196F0DB0092BB18 /* Loan.storyboard */; };
		5C41D4362196F0F60092BB18 /* LoanFeature.swift in Sources */ = {isa = PBXBuildFile; fileRef = 5C41D4352196F0F60092BB18 /* LoanFeature.swift */; };
		5C41D4382196F2520092BB18 /* TasksListFeature.swift in Sources */ = {isa = PBXBuildFile; fileRef = 5C41D4372196F2520092BB18 /* TasksListFeature.swift */; };
		5C41D43B2196F3D60092BB18 /* TaskListResponse.swift in Sources */ = {isa = PBXBuildFile; fileRef = 5C41D43A2196F3D60092BB18 /* TaskListResponse.swift */; };
		806FDACB3D1CFDF97896266F /* Pods_decode_tomorrow.framework in Frameworks */ = {isa = PBXBuildFile; fileRef = B2E5ACC0A7215D5A44B392E8 /* Pods_decode_tomorrow.framework */; };
/* End PBXBuildFile section */

/* Begin PBXFileReference section */
		44C9DF6D70D6C84A54308A0C /* Pods-decode-tomorrow.debug.xcconfig */ = {isa = PBXFileReference; includeInIndex = 1; lastKnownFileType = text.xcconfig; name = "Pods-decode-tomorrow.debug.xcconfig"; path = "Pods/Target Support Files/Pods-decode-tomorrow/Pods-decode-tomorrow.debug.xcconfig"; sourceTree = "<group>"; };
		5C04419521967D5A006251FD /* decode-tomorrow.app */ = {isa = PBXFileReference; explicitFileType = wrapper.application; includeInIndex = 0; path = "decode-tomorrow.app"; sourceTree = BUILT_PRODUCTS_DIR; };
		5C04419821967D5A006251FD /* AppDelegate.swift */ = {isa = PBXFileReference; lastKnownFileType = sourcecode.swift; path = AppDelegate.swift; sourceTree = "<group>"; };
		5C04419F21967D5C006251FD /* Assets.xcassets */ = {isa = PBXFileReference; lastKnownFileType = folder.assetcatalog; path = Assets.xcassets; sourceTree = "<group>"; };
		5C0441A221967D5C006251FD /* Base */ = {isa = PBXFileReference; lastKnownFileType = file.storyboard; name = Base; path = Base.lproj/LaunchScreen.storyboard; sourceTree = "<group>"; };
		5C0441A421967D5C006251FD /* Info.plist */ = {isa = PBXFileReference; lastKnownFileType = text.plist.xml; path = Info.plist; sourceTree = "<group>"; };
		5C0441B3219684C8006251FD /* Service.swift */ = {isa = PBXFileReference; lastKnownFileType = sourcecode.swift; path = Service.swift; sourceTree = "<group>"; };
		5C0441B5219684D0006251FD /* Provider.swift */ = {isa = PBXFileReference; lastKnownFileType = sourcecode.swift; path = Provider.swift; sourceTree = "<group>"; };
		5C0441C0219690D5006251FD /* IBMPlexSans-MediumItalic.ttf */ = {isa = PBXFileReference; lastKnownFileType = file; path = "IBMPlexSans-MediumItalic.ttf"; sourceTree = "<group>"; };
		5C0441C1219690D5006251FD /* IBMPlexSans-Bold.ttf */ = {isa = PBXFileReference; lastKnownFileType = file; path = "IBMPlexSans-Bold.ttf"; sourceTree = "<group>"; };
		5C0441C2219690D5006251FD /* OFL.txt */ = {isa = PBXFileReference; fileEncoding = 4; lastKnownFileType = text; path = OFL.txt; sourceTree = "<group>"; };
		5C0441C3219690D5006251FD /* IBMPlexSans-ThinItalic.ttf */ = {isa = PBXFileReference; lastKnownFileType = file; path = "IBMPlexSans-ThinItalic.ttf"; sourceTree = "<group>"; };
		5C0441C4219690D5006251FD /* IBMPlexSans-SemiBoldItalic.ttf */ = {isa = PBXFileReference; lastKnownFileType = file; path = "IBMPlexSans-SemiBoldItalic.ttf"; sourceTree = "<group>"; };
		5C0441C5219690D5006251FD /* IBMPlexSans-LightItalic.ttf */ = {isa = PBXFileReference; lastKnownFileType = file; path = "IBMPlexSans-LightItalic.ttf"; sourceTree = "<group>"; };
		5C0441C6219690D6006251FD /* IBMPlexSans-ExtraLightItalic.ttf */ = {isa = PBXFileReference; lastKnownFileType = file; path = "IBMPlexSans-ExtraLightItalic.ttf"; sourceTree = "<group>"; };
		5C0441C7219690D6006251FD /* IBMPlexSans-Italic.ttf */ = {isa = PBXFileReference; lastKnownFileType = file; path = "IBMPlexSans-Italic.ttf"; sourceTree = "<group>"; };
		5C0441C8219690D6006251FD /* IBMPlexSans-ExtraLight.ttf */ = {isa = PBXFileReference; lastKnownFileType = file; path = "IBMPlexSans-ExtraLight.ttf"; sourceTree = "<group>"; };
		5C0441C9219690D6006251FD /* IBMPlexSans-Regular.ttf */ = {isa = PBXFileReference; lastKnownFileType = file; path = "IBMPlexSans-Regular.ttf"; sourceTree = "<group>"; };
		5C0441CA219690D6006251FD /* IBMPlexSans-SemiBold.ttf */ = {isa = PBXFileReference; lastKnownFileType = file; path = "IBMPlexSans-SemiBold.ttf"; sourceTree = "<group>"; };
		5C0441CB219690D6006251FD /* IBMPlexSans-BoldItalic.ttf */ = {isa = PBXFileReference; lastKnownFileType = file; path = "IBMPlexSans-BoldItalic.ttf"; sourceTree = "<group>"; };
		5C0441CC219690D6006251FD /* IBMPlexSans-Light.ttf */ = {isa = PBXFileReference; lastKnownFileType = file; path = "IBMPlexSans-Light.ttf"; sourceTree = "<group>"; };
		5C0441CD219690D6006251FD /* IBMPlexSans-Thin.ttf */ = {isa = PBXFileReference; lastKnownFileType = file; path = "IBMPlexSans-Thin.ttf"; sourceTree = "<group>"; };
		5C0441CE219690D6006251FD /* IBMPlexSans-Medium.ttf */ = {isa = PBXFileReference; lastKnownFileType = file; path = "IBMPlexSans-Medium.ttf"; sourceTree = "<group>"; };
		5C0441DF219692D9006251FD /* Fonts.swift */ = {isa = PBXFileReference; lastKnownFileType = sourcecode.swift; path = Fonts.swift; sourceTree = "<group>"; };
		5C0441E121969326006251FD /* DateTimeFormats.swift */ = {isa = PBXFileReference; lastKnownFileType = sourcecode.swift; path = DateTimeFormats.swift; sourceTree = "<group>"; };
		5C41D3E92196A39F0092BB18 /* Date+.swift */ = {isa = PBXFileReference; lastKnownFileType = sourcecode.swift; path = "Date+.swift"; sourceTree = "<group>"; };
		5C41D3EB2196A4140092BB18 /* String+.swift */ = {isa = PBXFileReference; lastKnownFileType = sourcecode.swift; path = "String+.swift"; sourceTree = "<group>"; };
		5C41D3EE2196A6BD0092BB18 /* LoginFeature.swift */ = {isa = PBXFileReference; lastKnownFileType = sourcecode.swift; path = LoginFeature.swift; sourceTree = "<group>"; };
		5C41D3F32196A81E0092BB18 /* LoginResponse.swift */ = {isa = PBXFileReference; lastKnownFileType = sourcecode.swift; path = LoginResponse.swift; sourceTree = "<group>"; };
		5C41D3F52196A8B30092BB18 /* LoginParams.swift */ = {isa = PBXFileReference; lastKnownFileType = sourcecode.swift; path = LoginParams.swift; sourceTree = "<group>"; };
		5C41D3F72196ABB70092BB18 /* PrivimiteSequence+mapX.swift */ = {isa = PBXFileReference; lastKnownFileType = sourcecode.swift; path = "PrivimiteSequence+mapX.swift"; sourceTree = "<group>"; };
		5C41D3F92196AE3A0092BB18 /* PrimitiveSequence+mapErrors.swift */ = {isa = PBXFileReference; lastKnownFileType = sourcecode.swift; path = "PrimitiveSequence+mapErrors.swift"; sourceTree = "<group>"; };
		5C41D3FC2196B16A0092BB18 /* ApiError.swift */ = {isa = PBXFileReference; lastKnownFileType = sourcecode.swift; path = ApiError.swift; sourceTree = "<group>"; };
		5C41D3FF2196B8650092BB18 /* LoginViewController.swift */ = {isa = PBXFileReference; lastKnownFileType = sourcecode.swift; path = LoginViewController.swift; sourceTree = "<group>"; };
		5C41D4012196B97C0092BB18 /* LoginAndRegistration.storyboard */ = {isa = PBXFileReference; lastKnownFileType = file.storyboard; path = LoginAndRegistration.storyboard; sourceTree = "<group>"; };
		5C41D4042196B9A40092BB18 /* Storyboarded.swift */ = {isa = PBXFileReference; lastKnownFileType = sourcecode.swift; path = Storyboarded.swift; sourceTree = "<group>"; };
		5C41D4092196BE870092BB18 /* CredentialsManager.swift */ = {isa = PBXFileReference; lastKnownFileType = sourcecode.swift; path = CredentialsManager.swift; sourceTree = "<group>"; };
		5C41D40B2196C1F80092BB18 /* HeaderKeys.swift */ = {isa = PBXFileReference; lastKnownFileType = sourcecode.swift; path = HeaderKeys.swift; sourceTree = "<group>"; };
		5C41D4132196C8230092BB18 /* Dashboard.storyboard */ = {isa = PBXFileReference; lastKnownFileType = file.storyboard; path = Dashboard.storyboard; sourceTree = "<group>"; };
		5C41D4152196C8310092BB18 /* DashboardViewController.swift */ = {isa = PBXFileReference; lastKnownFileType = sourcecode.swift; path = DashboardViewController.swift; sourceTree = "<group>"; };
		5C41D4182196C8E90092BB18 /* Destination.swift */ = {isa = PBXFileReference; lastKnownFileType = sourcecode.swift; path = Destination.swift; sourceTree = "<group>"; };
		5C41D41A2196C9040092BB18 /* UIViewController+navigate.swift */ = {isa = PBXFileReference; lastKnownFileType = sourcecode.swift; path = "UIViewController+navigate.swift"; sourceTree = "<group>"; };
		5C41D41D2196D4580092BB18 /* AppStates.swift */ = {isa = PBXFileReference; lastKnownFileType = sourcecode.swift; path = AppStates.swift; sourceTree = "<group>"; };
		5C41D4212196D7250092BB18 /* RegistrationViewController.swift */ = {isa = PBXFileReference; lastKnownFileType = sourcecode.swift; path = RegistrationViewController.swift; sourceTree = "<group>"; };
		5C41D4242196D8B90092BB18 /* RegistrationFeature.swift */ = {isa = PBXFileReference; lastKnownFileType = sourcecode.swift; path = RegistrationFeature.swift; sourceTree = "<group>"; };
		5C41D4262196D8D60092BB18 /* RegistrationParams.swift */ = {isa = PBXFileReference; lastKnownFileType = sourcecode.swift; path = RegistrationParams.swift; sourceTree = "<group>"; };
		5C41D4282196D9780092BB18 /* Feature.swift */ = {isa = PBXFileReference; lastKnownFileType = sourcecode.swift; path = Feature.swift; sourceTree = "<group>"; };
		5C41D42A2196DD230092BB18 /* RegistrationResponse.swift */ = {isa = PBXFileReference; lastKnownFileType = sourcecode.swift; path = RegistrationResponse.swift; sourceTree = "<group>"; };
		5C41D42D2196F02F0092BB18 /* TaskDetailViewController.swift */ = {isa = PBXFileReference; lastKnownFileType = sourcecode.swift; path = TaskDetailViewController.swift; sourceTree = "<group>"; };
		5C41D4302196F0C40092BB18 /* LoanViewController.swift */ = {isa = PBXFileReference; lastKnownFileType = sourcecode.swift; path = LoanViewController.swift; sourceTree = "<group>"; };
		5C41D4322196F0DB0092BB18 /* Loan.storyboard */ = {isa = PBXFileReference; lastKnownFileType = file.storyboard; path = Loan.storyboard; sourceTree = "<group>"; };
		5C41D4352196F0F60092BB18 /* LoanFeature.swift */ = {isa = PBXFileReference; lastKnownFileType = sourcecode.swift; path = LoanFeature.swift; sourceTree = "<group>"; };
		5C41D4372196F2520092BB18 /* TasksListFeature.swift */ = {isa = PBXFileReference; lastKnownFileType = sourcecode.swift; path = TasksListFeature.swift; sourceTree = "<group>"; };
		5C41D43A2196F3D60092BB18 /* TaskListResponse.swift */ = {isa = PBXFileReference; lastKnownFileType = sourcecode.swift; path = TaskListResponse.swift; sourceTree = "<group>"; };
		B2E5ACC0A7215D5A44B392E8 /* Pods_decode_tomorrow.framework */ = {isa = PBXFileReference; explicitFileType = wrapper.framework; includeInIndex = 0; path = Pods_decode_tomorrow.framework; sourceTree = BUILT_PRODUCTS_DIR; };
		D2647098DFCB5FE47D40D83C /* Pods-decode-tomorrow.release.xcconfig */ = {isa = PBXFileReference; includeInIndex = 1; lastKnownFileType = text.xcconfig; name = "Pods-decode-tomorrow.release.xcconfig"; path = "Pods/Target Support Files/Pods-decode-tomorrow/Pods-decode-tomorrow.release.xcconfig"; sourceTree = "<group>"; };
/* End PBXFileReference section */

/* Begin PBXFrameworksBuildPhase section */
		5C04419221967D5A006251FD /* Frameworks */ = {
			isa = PBXFrameworksBuildPhase;
			buildActionMask = 2147483647;
			files = (
				806FDACB3D1CFDF97896266F /* Pods_decode_tomorrow.framework in Frameworks */,
			);
			runOnlyForDeploymentPostprocessing = 0;
		};
/* End PBXFrameworksBuildPhase section */

/* Begin PBXGroup section */
		5C04418C21967D5A006251FD = {
			isa = PBXGroup;
			children = (
				5C04419721967D5A006251FD /* decode-tomorrow */,
				5C04419621967D5A006251FD /* Products */,
				EF091B4431AF9A48665C73AE /* Pods */,
				92268904371A7902E553098C /* Frameworks */,
			);
			sourceTree = "<group>";
		};
		5C04419621967D5A006251FD /* Products */ = {
			isa = PBXGroup;
			children = (
				5C04419521967D5A006251FD /* decode-tomorrow.app */,
			);
			name = Products;
			sourceTree = "<group>";
		};
		5C04419721967D5A006251FD /* decode-tomorrow */ = {
			isa = PBXGroup;
			children = (
				5C0441AB21967E57006251FD /* app */,
				5C0441AC21967E6A006251FD /* resources */,
				5C0441AA21967E43006251FD /* supporting-files */,
			);
			path = "decode-tomorrow";
			sourceTree = "<group>";
		};
		5C0441AA21967E43006251FD /* supporting-files */ = {
			isa = PBXGroup;
			children = (
				5C0441A421967D5C006251FD /* Info.plist */,
			);
			path = "supporting-files";
			sourceTree = "<group>";
		};
		5C0441AB21967E57006251FD /* app */ = {
			isa = PBXGroup;
			children = (
				5C04419821967D5A006251FD /* AppDelegate.swift */,
				5C0441B221968423006251FD /* api */,
				5C41D41C2196D43F0092BB18 /* app_states */,
				5C0441DE219692CB006251FD /* enums */,
				5C41D3FB2196B1460092BB18 /* errors */,
				5C41D3E82196A3950092BB18 /* extensions */,
				5C41D3ED2196A6B10092BB18 /* features */,
				5C41D4172196C8DD0092BB18 /* navigation */,
				5C41D4062196BDE30092BB18 /* persistence */,
				5C41D4032196B98A0092BB18 /* protocols */,
				5C0441B121968419006251FD /* ui */,
			);
			path = app;
			sourceTree = "<group>";
		};
		5C0441AC21967E6A006251FD /* resources */ = {
			isa = PBXGroup;
			children = (
				5C0441BF2196909D006251FD /* fonts */,
				5C04419F21967D5C006251FD /* Assets.xcassets */,
				5C0441A121967D5C006251FD /* LaunchScreen.storyboard */,
			);
			path = resources;
			sourceTree = "<group>";
		};
		5C0441B121968419006251FD /* ui */ = {
			isa = PBXGroup;
			children = (
				5C41D42F2196F0BB0092BB18 /* loan */,
				5C41D4122196C8180092BB18 /* dashboard */,
				5C41D3FE2196B8560092BB18 /* login_and_registration */,
				5C41D42C2196EFE80092BB18 /* task_detail */,
			);
			path = ui;
			sourceTree = "<group>";
		};
		5C0441B221968423006251FD /* api */ = {
			isa = PBXGroup;
			children = (
				5C0441B5219684D0006251FD /* Provider.swift */,
				5C0441B3219684C8006251FD /* Service.swift */,
			);
			path = api;
			sourceTree = "<group>";
		};
		5C0441BF2196909D006251FD /* fonts */ = {
			isa = PBXGroup;
			children = (
				5C0441C1219690D5006251FD /* IBMPlexSans-Bold.ttf */,
				5C0441CB219690D6006251FD /* IBMPlexSans-BoldItalic.ttf */,
				5C0441C8219690D6006251FD /* IBMPlexSans-ExtraLight.ttf */,
				5C0441C6219690D6006251FD /* IBMPlexSans-ExtraLightItalic.ttf */,
				5C0441C7219690D6006251FD /* IBMPlexSans-Italic.ttf */,
				5C0441CC219690D6006251FD /* IBMPlexSans-Light.ttf */,
				5C0441C5219690D5006251FD /* IBMPlexSans-LightItalic.ttf */,
				5C0441CE219690D6006251FD /* IBMPlexSans-Medium.ttf */,
				5C0441C0219690D5006251FD /* IBMPlexSans-MediumItalic.ttf */,
				5C0441C9219690D6006251FD /* IBMPlexSans-Regular.ttf */,
				5C0441CA219690D6006251FD /* IBMPlexSans-SemiBold.ttf */,
				5C0441C4219690D5006251FD /* IBMPlexSans-SemiBoldItalic.ttf */,
				5C0441CD219690D6006251FD /* IBMPlexSans-Thin.ttf */,
				5C0441C3219690D5006251FD /* IBMPlexSans-ThinItalic.ttf */,
				5C0441C2219690D5006251FD /* OFL.txt */,
			);
			path = fonts;
			sourceTree = "<group>";
		};
		5C0441DE219692CB006251FD /* enums */ = {
			isa = PBXGroup;
			children = (
				5C0441DF219692D9006251FD /* Fonts.swift */,
				5C0441E121969326006251FD /* DateTimeFormats.swift */,
				5C41D40B2196C1F80092BB18 /* HeaderKeys.swift */,
			);
			path = enums;
			sourceTree = "<group>";
		};
		5C41D3E82196A3950092BB18 /* extensions */ = {
			isa = PBXGroup;
			children = (
				5C41D3E92196A39F0092BB18 /* Date+.swift */,
				5C41D3EB2196A4140092BB18 /* String+.swift */,
				5C41D3F72196ABB70092BB18 /* PrivimiteSequence+mapX.swift */,
			);
			path = extensions;
			sourceTree = "<group>";
		};
		5C41D3ED2196A6B10092BB18 /* features */ = {
			isa = PBXGroup;
			children = (
				5C41D4282196D9780092BB18 /* Feature.swift */,
				5C41D4342196F0E90092BB18 /* loan */,
				5C41D3F02196A8010092BB18 /* login */,
				5C41D4232196D8A20092BB18 /* registration */,
				5C41D4392196F2570092BB18 /* task_list */,
			);
			path = features;
			sourceTree = "<group>";
		};
		5C41D3F02196A8010092BB18 /* login */ = {
			isa = PBXGroup;
			children = (
				5C41D3EE2196A6BD0092BB18 /* LoginFeature.swift */,
				5C41D3F52196A8B30092BB18 /* LoginParams.swift */,
				5C41D3F32196A81E0092BB18 /* LoginResponse.swift */,
			);
			path = login;
			sourceTree = "<group>";
		};
		5C41D3FB2196B1460092BB18 /* errors */ = {
			isa = PBXGroup;
			children = (
				5C41D3F92196AE3A0092BB18 /* PrimitiveSequence+mapErrors.swift */,
				5C41D3FC2196B16A0092BB18 /* ApiError.swift */,
			);
			path = errors;
			sourceTree = "<group>";
		};
		5C41D3FE2196B8560092BB18 /* login_and_registration */ = {
			isa = PBXGroup;
			children = (
				5C41D4012196B97C0092BB18 /* LoginAndRegistration.storyboard */,
				5C41D3FF2196B8650092BB18 /* LoginViewController.swift */,
				5C41D4212196D7250092BB18 /* RegistrationViewController.swift */,
			);
			path = login_and_registration;
			sourceTree = "<group>";
		};
		5C41D4032196B98A0092BB18 /* protocols */ = {
			isa = PBXGroup;
			children = (
				5C41D4042196B9A40092BB18 /* Storyboarded.swift */,
			);
			path = protocols;
			sourceTree = "<group>";
		};
		5C41D4062196BDE30092BB18 /* persistence */ = {
			isa = PBXGroup;
			children = (
				5C41D4092196BE870092BB18 /* CredentialsManager.swift */,
			);
			path = persistence;
			sourceTree = "<group>";
		};
		5C41D4122196C8180092BB18 /* dashboard */ = {
			isa = PBXGroup;
			children = (
				5C41D4132196C8230092BB18 /* Dashboard.storyboard */,
				5C41D4152196C8310092BB18 /* DashboardViewController.swift */,
			);
			path = dashboard;
			sourceTree = "<group>";
		};
		5C41D4172196C8DD0092BB18 /* navigation */ = {
			isa = PBXGroup;
			children = (
				5C41D4182196C8E90092BB18 /* Destination.swift */,
				5C41D41A2196C9040092BB18 /* UIViewController+navigate.swift */,
			);
			path = navigation;
			sourceTree = "<group>";
		};
		5C41D41C2196D43F0092BB18 /* app_states */ = {
			isa = PBXGroup;
			children = (
				5C41D41D2196D4580092BB18 /* AppStates.swift */,
			);
			path = app_states;
			sourceTree = "<group>";
		};
		5C41D4232196D8A20092BB18 /* registration */ = {
			isa = PBXGroup;
			children = (
				5C41D4242196D8B90092BB18 /* RegistrationFeature.swift */,
				5C41D4262196D8D60092BB18 /* RegistrationParams.swift */,
				5C41D42A2196DD230092BB18 /* RegistrationResponse.swift */,
			);
			path = registration;
			sourceTree = "<group>";
		};
		5C41D42C2196EFE80092BB18 /* task_detail */ = {
			isa = PBXGroup;
			children = (
				5C41D42D2196F02F0092BB18 /* TaskDetailViewController.swift */,
			);
			path = task_detail;
			sourceTree = "<group>";
		};
		5C41D42F2196F0BB0092BB18 /* loan */ = {
			isa = PBXGroup;
			children = (
				5C41D4322196F0DB0092BB18 /* Loan.storyboard */,
				5C41D4302196F0C40092BB18 /* LoanViewController.swift */,
			);
			path = loan;
			sourceTree = "<group>";
		};
		5C41D4342196F0E90092BB18 /* loan */ = {
			isa = PBXGroup;
			children = (
				5C41D4352196F0F60092BB18 /* LoanFeature.swift */,
			);
			path = loan;
			sourceTree = "<group>";
		};
		5C41D4392196F2570092BB18 /* task_list */ = {
			isa = PBXGroup;
			children = (
				5C41D4372196F2520092BB18 /* TasksListFeature.swift */,
				5C41D43A2196F3D60092BB18 /* TaskListResponse.swift */,
			);
			path = task_list;
			sourceTree = "<group>";
		};
		92268904371A7902E553098C /* Frameworks */ = {
			isa = PBXGroup;
			children = (
				B2E5ACC0A7215D5A44B392E8 /* Pods_decode_tomorrow.framework */,
			);
			name = Frameworks;
			sourceTree = "<group>";
		};
		EF091B4431AF9A48665C73AE /* Pods */ = {
			isa = PBXGroup;
			children = (
				44C9DF6D70D6C84A54308A0C /* Pods-decode-tomorrow.debug.xcconfig */,
				D2647098DFCB5FE47D40D83C /* Pods-decode-tomorrow.release.xcconfig */,
			);
			name = Pods;
			sourceTree = "<group>";
		};
/* End PBXGroup section */

/* Begin PBXNativeTarget section */
		5C04419421967D5A006251FD /* decode-tomorrow */ = {
			isa = PBXNativeTarget;
			buildConfigurationList = 5C0441A721967D5C006251FD /* Build configuration list for PBXNativeTarget "decode-tomorrow" */;
			buildPhases = (
				89BFFFD7013C49B317290DCD /* [CP] Check Pods Manifest.lock */,
				5C04419121967D5A006251FD /* Sources */,
				5C04419221967D5A006251FD /* Frameworks */,
				5C04419321967D5A006251FD /* Resources */,
				5F50028289B4D1CD6613F3D4 /* [CP] Embed Pods Frameworks */,
			);
			buildRules = (
			);
			dependencies = (
			);
			name = "decode-tomorrow";
			productName = "decode-tomorrow";
			productReference = 5C04419521967D5A006251FD /* decode-tomorrow.app */;
			productType = "com.apple.product-type.application";
		};
/* End PBXNativeTarget section */

/* Begin PBXProject section */
		5C04418D21967D5A006251FD /* Project object */ = {
			isa = PBXProject;
			attributes = {
				LastSwiftUpdateCheck = 1000;
				LastUpgradeCheck = 1000;
				ORGANIZATIONNAME = "Just Because";
				TargetAttributes = {
					5C04419421967D5A006251FD = {
						CreatedOnToolsVersion = 10.0;
					};
				};
			};
			buildConfigurationList = 5C04419021967D5A006251FD /* Build configuration list for PBXProject "decode-tomorrow" */;
			compatibilityVersion = "Xcode 9.3";
			developmentRegion = en;
			hasScannedForEncodings = 0;
			knownRegions = (
				en,
				Base,
			);
			mainGroup = 5C04418C21967D5A006251FD;
			productRefGroup = 5C04419621967D5A006251FD /* Products */;
			projectDirPath = "";
			projectRoot = "";
			targets = (
				5C04419421967D5A006251FD /* decode-tomorrow */,
			);
		};
/* End PBXProject section */

/* Begin PBXResourcesBuildPhase section */
		5C04419321967D5A006251FD /* Resources */ = {
			isa = PBXResourcesBuildPhase;
			buildActionMask = 2147483647;
			files = (
				5C0441D1219690D6006251FD /* OFL.txt in Resources */,
				5C0441D6219690D6006251FD /* IBMPlexSans-Italic.ttf in Resources */,
				5C0441D9219690D6006251FD /* IBMPlexSans-SemiBold.ttf in Resources */,
				5C0441A321967D5C006251FD /* LaunchScreen.storyboard in Resources */,
				5C0441D3219690D6006251FD /* IBMPlexSans-SemiBoldItalic.ttf in Resources */,
				5C0441D0219690D6006251FD /* IBMPlexSans-Bold.ttf in Resources */,
				5C0441DD219690D6006251FD /* IBMPlexSans-Medium.ttf in Resources */,
				5C0441D5219690D6006251FD /* IBMPlexSans-ExtraLightItalic.ttf in Resources */,
				5C41D4332196F0DB0092BB18 /* Loan.storyboard in Resources */,
				5C0441D2219690D6006251FD /* IBMPlexSans-ThinItalic.ttf in Resources */,
				5C0441D4219690D6006251FD /* IBMPlexSans-LightItalic.ttf in Resources */,
				5C0441A021967D5C006251FD /* Assets.xcassets in Resources */,
				5C41D4142196C8230092BB18 /* Dashboard.storyboard in Resources */,
				5C0441D7219690D6006251FD /* IBMPlexSans-ExtraLight.ttf in Resources */,
				5C0441DC219690D6006251FD /* IBMPlexSans-Thin.ttf in Resources */,
				5C0441D8219690D6006251FD /* IBMPlexSans-Regular.ttf in Resources */,
				5C41D4022196B97C0092BB18 /* LoginAndRegistration.storyboard in Resources */,
				5C0441DB219690D6006251FD /* IBMPlexSans-Light.ttf in Resources */,
				5C0441DA219690D6006251FD /* IBMPlexSans-BoldItalic.ttf in Resources */,
				5C0441CF219690D6006251FD /* IBMPlexSans-MediumItalic.ttf in Resources */,
			);
			runOnlyForDeploymentPostprocessing = 0;
		};
/* End PBXResourcesBuildPhase section */

/* Begin PBXShellScriptBuildPhase section */
		5F50028289B4D1CD6613F3D4 /* [CP] Embed Pods Frameworks */ = {
			isa = PBXShellScriptBuildPhase;
			buildActionMask = 2147483647;
			files = (
			);
			inputPaths = (
				"${SRCROOT}/Pods/Target Support Files/Pods-decode-tomorrow/Pods-decode-tomorrow-frameworks.sh",
				"${BUILT_PRODUCTS_DIR}/Alamofire/Alamofire.framework",
				"${BUILT_PRODUCTS_DIR}/DynamicBlurView/DynamicBlurView.framework",
				"${BUILT_PRODUCTS_DIR}/Moya/Moya.framework",
				"${BUILT_PRODUCTS_DIR}/PopupDialog/PopupDialog.framework",
				"${BUILT_PRODUCTS_DIR}/Result/Result.framework",
				"${BUILT_PRODUCTS_DIR}/RxSwift/RxSwift.framework",
			);
			name = "[CP] Embed Pods Frameworks";
			outputPaths = (
				"${TARGET_BUILD_DIR}/${FRAMEWORKS_FOLDER_PATH}/Alamofire.framework",
				"${TARGET_BUILD_DIR}/${FRAMEWORKS_FOLDER_PATH}/DynamicBlurView.framework",
				"${TARGET_BUILD_DIR}/${FRAMEWORKS_FOLDER_PATH}/Moya.framework",
				"${TARGET_BUILD_DIR}/${FRAMEWORKS_FOLDER_PATH}/PopupDialog.framework",
				"${TARGET_BUILD_DIR}/${FRAMEWORKS_FOLDER_PATH}/Result.framework",
				"${TARGET_BUILD_DIR}/${FRAMEWORKS_FOLDER_PATH}/RxSwift.framework",
			);
			runOnlyForDeploymentPostprocessing = 0;
			shellPath = /bin/sh;
			shellScript = "\"${SRCROOT}/Pods/Target Support Files/Pods-decode-tomorrow/Pods-decode-tomorrow-frameworks.sh\"\n";
			showEnvVarsInLog = 0;
		};
		89BFFFD7013C49B317290DCD /* [CP] Check Pods Manifest.lock */ = {
			isa = PBXShellScriptBuildPhase;
			buildActionMask = 2147483647;
			files = (
			);
			inputPaths = (
				"${PODS_PODFILE_DIR_PATH}/Podfile.lock",
				"${PODS_ROOT}/Manifest.lock",
			);
			name = "[CP] Check Pods Manifest.lock";
			outputPaths = (
				"$(DERIVED_FILE_DIR)/Pods-decode-tomorrow-checkManifestLockResult.txt",
			);
			runOnlyForDeploymentPostprocessing = 0;
			shellPath = /bin/sh;
			shellScript = "diff \"${PODS_PODFILE_DIR_PATH}/Podfile.lock\" \"${PODS_ROOT}/Manifest.lock\" > /dev/null\nif [ $? != 0 ] ; then\n    # print error to STDERR\n    echo \"error: The sandbox is not in sync with the Podfile.lock. Run 'pod install' or update your CocoaPods installation.\" >&2\n    exit 1\nfi\n# This output is used by Xcode 'outputs' to avoid re-running this script phase.\necho \"SUCCESS\" > \"${SCRIPT_OUTPUT_FILE_0}\"\n";
			showEnvVarsInLog = 0;
		};
/* End PBXShellScriptBuildPhase section */

/* Begin PBXSourcesBuildPhase section */
		5C04419121967D5A006251FD /* Sources */ = {
			isa = PBXSourcesBuildPhase;
			buildActionMask = 2147483647;
			files = (
				5C41D3EA2196A39F0092BB18 /* Date+.swift in Sources */,
				5C41D41E2196D4580092BB18 /* AppStates.swift in Sources */,
				5C41D3EF2196A6BD0092BB18 /* LoginFeature.swift in Sources */,
				5C41D42B2196DD230092BB18 /* RegistrationResponse.swift in Sources */,
				5C41D4252196D8B90092BB18 /* RegistrationFeature.swift in Sources */,
				5C41D3F82196ABB70092BB18 /* PrivimiteSequence+mapX.swift in Sources */,
				5C41D4362196F0F60092BB18 /* LoanFeature.swift in Sources */,
				5C41D43B2196F3D60092BB18 /* TaskListResponse.swift in Sources */,
				5C41D4222196D7250092BB18 /* RegistrationViewController.swift in Sources */,
				5C41D4002196B8650092BB18 /* LoginViewController.swift in Sources */,
				5C41D3F42196A81E0092BB18 /* LoginResponse.swift in Sources */,
				5C41D42E2196F02F0092BB18 /* TaskDetailViewController.swift in Sources */,
				5C41D40A2196BE870092BB18 /* CredentialsManager.swift in Sources */,
				5C41D40C2196C1F80092BB18 /* HeaderKeys.swift in Sources */,
				5C41D4162196C8310092BB18 /* DashboardViewController.swift in Sources */,
				5C41D4272196D8D60092BB18 /* RegistrationParams.swift in Sources */,
				5C41D41B2196C9040092BB18 /* UIViewController+navigate.swift in Sources */,
				5C41D3F62196A8B30092BB18 /* LoginParams.swift in Sources */,
				5C0441E0219692D9006251FD /* Fonts.swift in Sources */,
				5C0441E221969326006251FD /* DateTimeFormats.swift in Sources */,
				5C41D4382196F2520092BB18 /* TasksListFeature.swift in Sources */,
				5C41D3FD2196B16A0092BB18 /* ApiError.swift in Sources */,
				5C0441B6219684D0006251FD /* Provider.swift in Sources */,
				5C04419921967D5A006251FD /* AppDelegate.swift in Sources */,
				5C0441B4219684C8006251FD /* Service.swift in Sources */,
				5C41D3FA2196AE3A0092BB18 /* PrimitiveSequence+mapErrors.swift in Sources */,
				5C41D3EC2196A4140092BB18 /* String+.swift in Sources */,
				5C41D4312196F0C40092BB18 /* LoanViewController.swift in Sources */,
				5C41D4052196B9A40092BB18 /* Storyboarded.swift in Sources */,
				5C41D4292196D9780092BB18 /* Feature.swift in Sources */,
				5C41D4192196C8E90092BB18 /* Destination.swift in Sources */,
			);
			runOnlyForDeploymentPostprocessing = 0;
		};
/* End PBXSourcesBuildPhase section */

/* Begin PBXVariantGroup section */
		5C0441A121967D5C006251FD /* LaunchScreen.storyboard */ = {
			isa = PBXVariantGroup;
			children = (
				5C0441A221967D5C006251FD /* Base */,
			);
			name = LaunchScreen.storyboard;
			sourceTree = "<group>";
		};
/* End PBXVariantGroup section */

/* Begin XCBuildConfiguration section */
		5C0441A521967D5C006251FD /* Debug */ = {
			isa = XCBuildConfiguration;
			buildSettings = {
				ALWAYS_SEARCH_USER_PATHS = NO;
				CLANG_ANALYZER_NONNULL = YES;
				CLANG_ANALYZER_NUMBER_OBJECT_CONVERSION = YES_AGGRESSIVE;
				CLANG_CXX_LANGUAGE_STANDARD = "gnu++14";
				CLANG_CXX_LIBRARY = "libc++";
				CLANG_ENABLE_MODULES = YES;
				CLANG_ENABLE_OBJC_ARC = YES;
				CLANG_ENABLE_OBJC_WEAK = YES;
				CLANG_WARN_BLOCK_CAPTURE_AUTORELEASING = YES;
				CLANG_WARN_BOOL_CONVERSION = YES;
				CLANG_WARN_COMMA = YES;
				CLANG_WARN_CONSTANT_CONVERSION = YES;
				CLANG_WARN_DEPRECATED_OBJC_IMPLEMENTATIONS = YES;
				CLANG_WARN_DIRECT_OBJC_ISA_USAGE = YES_ERROR;
				CLANG_WARN_DOCUMENTATION_COMMENTS = YES;
				CLANG_WARN_EMPTY_BODY = YES;
				CLANG_WARN_ENUM_CONVERSION = YES;
				CLANG_WARN_INFINITE_RECURSION = YES;
				CLANG_WARN_INT_CONVERSION = YES;
				CLANG_WARN_NON_LITERAL_NULL_CONVERSION = YES;
				CLANG_WARN_OBJC_IMPLICIT_RETAIN_SELF = YES;
				CLANG_WARN_OBJC_LITERAL_CONVERSION = YES;
				CLANG_WARN_OBJC_ROOT_CLASS = YES_ERROR;
				CLANG_WARN_RANGE_LOOP_ANALYSIS = YES;
				CLANG_WARN_STRICT_PROTOTYPES = YES;
				CLANG_WARN_SUSPICIOUS_MOVE = YES;
				CLANG_WARN_UNGUARDED_AVAILABILITY = YES_AGGRESSIVE;
				CLANG_WARN_UNREACHABLE_CODE = YES;
				CLANG_WARN__DUPLICATE_METHOD_MATCH = YES;
				CODE_SIGN_IDENTITY = "iPhone Developer";
				COPY_PHASE_STRIP = NO;
				DEBUG_INFORMATION_FORMAT = dwarf;
				ENABLE_STRICT_OBJC_MSGSEND = YES;
				ENABLE_TESTABILITY = YES;
				GCC_C_LANGUAGE_STANDARD = gnu11;
				GCC_DYNAMIC_NO_PIC = NO;
				GCC_NO_COMMON_BLOCKS = YES;
				GCC_OPTIMIZATION_LEVEL = 0;
				GCC_PREPROCESSOR_DEFINITIONS = (
					"DEBUG=1",
					"$(inherited)",
				);
				GCC_WARN_64_TO_32_BIT_CONVERSION = YES;
				GCC_WARN_ABOUT_RETURN_TYPE = YES_ERROR;
				GCC_WARN_UNDECLARED_SELECTOR = YES;
				GCC_WARN_UNINITIALIZED_AUTOS = YES_AGGRESSIVE;
				GCC_WARN_UNUSED_FUNCTION = YES;
				GCC_WARN_UNUSED_VARIABLE = YES;
				IPHONEOS_DEPLOYMENT_TARGET = 12.0;
				MTL_ENABLE_DEBUG_INFO = INCLUDE_SOURCE;
				MTL_FAST_MATH = YES;
				ONLY_ACTIVE_ARCH = YES;
				SDKROOT = iphoneos;
				SWIFT_ACTIVE_COMPILATION_CONDITIONS = DEBUG;
				SWIFT_OPTIMIZATION_LEVEL = "-Onone";
			};
			name = Debug;
		};
		5C0441A621967D5C006251FD /* Release */ = {
			isa = XCBuildConfiguration;
			buildSettings = {
				ALWAYS_SEARCH_USER_PATHS = NO;
				CLANG_ANALYZER_NONNULL = YES;
				CLANG_ANALYZER_NUMBER_OBJECT_CONVERSION = YES_AGGRESSIVE;
				CLANG_CXX_LANGUAGE_STANDARD = "gnu++14";
				CLANG_CXX_LIBRARY = "libc++";
				CLANG_ENABLE_MODULES = YES;
				CLANG_ENABLE_OBJC_ARC = YES;
				CLANG_ENABLE_OBJC_WEAK = YES;
				CLANG_WARN_BLOCK_CAPTURE_AUTORELEASING = YES;
				CLANG_WARN_BOOL_CONVERSION = YES;
				CLANG_WARN_COMMA = YES;
				CLANG_WARN_CONSTANT_CONVERSION = YES;
				CLANG_WARN_DEPRECATED_OBJC_IMPLEMENTATIONS = YES;
				CLANG_WARN_DIRECT_OBJC_ISA_USAGE = YES_ERROR;
				CLANG_WARN_DOCUMENTATION_COMMENTS = YES;
				CLANG_WARN_EMPTY_BODY = YES;
				CLANG_WARN_ENUM_CONVERSION = YES;
				CLANG_WARN_INFINITE_RECURSION = YES;
				CLANG_WARN_INT_CONVERSION = YES;
				CLANG_WARN_NON_LITERAL_NULL_CONVERSION = YES;
				CLANG_WARN_OBJC_IMPLICIT_RETAIN_SELF = YES;
				CLANG_WARN_OBJC_LITERAL_CONVERSION = YES;
				CLANG_WARN_OBJC_ROOT_CLASS = YES_ERROR;
				CLANG_WARN_RANGE_LOOP_ANALYSIS = YES;
				CLANG_WARN_STRICT_PROTOTYPES = YES;
				CLANG_WARN_SUSPICIOUS_MOVE = YES;
				CLANG_WARN_UNGUARDED_AVAILABILITY = YES_AGGRESSIVE;
				CLANG_WARN_UNREACHABLE_CODE = YES;
				CLANG_WARN__DUPLICATE_METHOD_MATCH = YES;
				CODE_SIGN_IDENTITY = "iPhone Developer";
				COPY_PHASE_STRIP = NO;
				DEBUG_INFORMATION_FORMAT = "dwarf-with-dsym";
				ENABLE_NS_ASSERTIONS = NO;
				ENABLE_STRICT_OBJC_MSGSEND = YES;
				GCC_C_LANGUAGE_STANDARD = gnu11;
				GCC_NO_COMMON_BLOCKS = YES;
				GCC_WARN_64_TO_32_BIT_CONVERSION = YES;
				GCC_WARN_ABOUT_RETURN_TYPE = YES_ERROR;
				GCC_WARN_UNDECLARED_SELECTOR = YES;
				GCC_WARN_UNINITIALIZED_AUTOS = YES_AGGRESSIVE;
				GCC_WARN_UNUSED_FUNCTION = YES;
				GCC_WARN_UNUSED_VARIABLE = YES;
				IPHONEOS_DEPLOYMENT_TARGET = 12.0;
				MTL_ENABLE_DEBUG_INFO = NO;
				MTL_FAST_MATH = YES;
				SDKROOT = iphoneos;
				SWIFT_COMPILATION_MODE = wholemodule;
				SWIFT_OPTIMIZATION_LEVEL = "-O";
				VALIDATE_PRODUCT = YES;
			};
			name = Release;
		};
		5C0441A821967D5C006251FD /* Debug */ = {
			isa = XCBuildConfiguration;
			baseConfigurationReference = 44C9DF6D70D6C84A54308A0C /* Pods-decode-tomorrow.debug.xcconfig */;
			buildSettings = {
				ASSETCATALOG_COMPILER_APPICON_NAME = AppIcon;
				CODE_SIGN_STYLE = Automatic;
				DEVELOPMENT_TEAM = 34CMTG6FJ9;
				INFOPLIST_FILE = "$(SRCROOT)/decode-tomorrow/supporting-files/Info.plist";
				LD_RUNPATH_SEARCH_PATHS = (
					"$(inherited)",
					"@executable_path/Frameworks",
				);
				PRODUCT_BUNDLE_IDENTIFIER = "com.just-because.decode-tomorrow";
				PRODUCT_NAME = "$(TARGET_NAME)";
				SWIFT_VERSION = 4.2;
				TARGETED_DEVICE_FAMILY = "1,2";
			};
			name = Debug;
		};
		5C0441A921967D5C006251FD /* Release */ = {
			isa = XCBuildConfiguration;
			baseConfigurationReference = D2647098DFCB5FE47D40D83C /* Pods-decode-tomorrow.release.xcconfig */;
			buildSettings = {
				ASSETCATALOG_COMPILER_APPICON_NAME = AppIcon;
				CODE_SIGN_STYLE = Automatic;
				DEVELOPMENT_TEAM = 34CMTG6FJ9;
				INFOPLIST_FILE = "$(SRCROOT)/decode-tomorrow/supporting-files/Info.plist";
				LD_RUNPATH_SEARCH_PATHS = (
					"$(inherited)",
					"@executable_path/Frameworks",
				);
				PRODUCT_BUNDLE_IDENTIFIER = "com.just-because.decode-tomorrow";
				PRODUCT_NAME = "$(TARGET_NAME)";
				SWIFT_VERSION = 4.2;
				TARGETED_DEVICE_FAMILY = "1,2";
			};
			name = Release;
		};
/* End XCBuildConfiguration section */

/* Begin XCConfigurationList section */
		5C04419021967D5A006251FD /* Build configuration list for PBXProject "decode-tomorrow" */ = {
			isa = XCConfigurationList;
			buildConfigurations = (
				5C0441A521967D5C006251FD /* Debug */,
				5C0441A621967D5C006251FD /* Release */,
			);
			defaultConfigurationIsVisible = 0;
			defaultConfigurationName = Release;
		};
		5C0441A721967D5C006251FD /* Build configuration list for PBXNativeTarget "decode-tomorrow" */ = {
			isa = XCConfigurationList;
			buildConfigurations = (
				5C0441A821967D5C006251FD /* Debug */,
				5C0441A921967D5C006251FD /* Release */,
			);
			defaultConfigurationIsVisible = 0;
			defaultConfigurationName = Release;
		};
/* End XCConfigurationList section */
	};
	rootObject = 5C04418D21967D5A006251FD /* Project object */;
}
